{
  "name": "ht3",
  "lockfileVersion": 3,
  "requires": true,
  "packages": {
    "": {
      "dependencies": {
        "psycopg2-binary": "^0.0.1",
        "sqlalchemy": "^10.1.1"
      }
    },
    "node_modules/psycopg2-binary": {
      "version": "0.0.1",
      "resolved": "https://registry.npmjs.org/psycopg2-binary/-/psycopg2-binary-0.0.1.tgz",
      "integrity": "sha512-KBMkbVNy9TmSX3TZ5B8stHAuvbCJ855b7KIHV6gDDGsfk4UhsXJvbUyvCO8Q8Zh660QT2yVnd3l3tXOdDVFCrQ==",
      "license": "ISC"
    },
    "node_modules/sqlalchemy": {
      "version": "10.1.1",
      "resolved": "https://registry.npmjs.org/sqlalchemy/-/sqlalchemy-10.1.1.tgz",
      "integrity": "sha512-ZpS3it4Eb+5eofOvjGvHdAtkdNTwi3x5v+GYLmG9PV28WV8dG86SgfWpOg65GSTb9KT96TDiP5LUyo2wUUaGQQ==",
      "license": "ISC"
    }
  }
}
